
Microsoft Visual Studio Solution File, Format Version 12.00
# Visual Studio Version 16
VisualStudioVersion = 16.0.30320.27
MinimumVisualStudioVersion = 10.0.40219.1
Project("{FAE04EC0-301F-11D3-BF4B-00C04F79EFBC}") = "ScreenCaptureCore", "ScreenCaptureCore\ScreenCaptureCore.csproj", "{97A21E0D-1500-4BA3-8EF4-F0BB84230B8E}"
EndProject
Project("{9A19103F-16F7-4668-BE54-9A1E7A4F7556}") = "Composition.WindowsRuntimeHelpers", "Composition.WindowsRuntimeHelpers\Composition.WindowsRuntimeHelpers.csproj", "{CAB3B6AA-B66D-4B3D-ACFB-F6AEEAA75DDC}"
EndProject
Project("{9A19103F-16F7-4668-BE54-9A1E7A4F7556}") = "CaptureSampleCore", "CaptureSampleCore\CaptureSampleCore.csproj", "{F071279C-91E9-4157-A22E-AEDCEE3A021F}"
EndProject
Global
	GlobalSection(SolutionConfigurationPlatforms) = preSolution
		Debug|Any CPU = Debug|Any CPU
		Release|Any CPU = Release|Any CPU
	EndGlobalSection
	GlobalSection(ProjectConfigurationPlatforms) = postSolution
		{97A21E0D-1500-4BA3-8EF4-F0BB84230B8E}.Debug|Any CPU.ActiveCfg = Debug|Any CPU
		{97A21E0D-1500-4BA3-8EF4-F0BB84230B8E}.Debug|Any CPU.Build.0 = Debug|Any CPU
		{97A21E0D-1500-4BA3-8EF4-F0BB84230B8E}.Release|Any CPU.ActiveCfg = Release|Any CPU
		{97A21E0D-1500-4BA3-8EF4-F0BB84230B8E}.Release|Any CPU.Build.0 = Release|Any CPU
		{CAB3B6AA-B66D-4B3D-ACFB-F6AEEAA75DDC}.Debug|Any CPU.ActiveCfg = Debug|Any CPU
		{CAB3B6AA-B66D-4B3D-ACFB-F6AEEAA75DDC}.Debug|Any CPU.Build.0 = Debug|Any CPU
		{CAB3B6AA-B66D-4B3D-ACFB-F6AEEAA75DDC}.Release|Any CPU.ActiveCfg = Release|Any CPU
		{CAB3B6AA-B66D-4B3D-ACFB-F6AEEAA75DDC}.Release|Any CPU.Build.0 = Release|Any CPU
		{F071279C-91E9-4157-A22E-AEDCEE3A021F}.Debug|Any CPU.ActiveCfg = Debug|Any CPU
		{F071279C-91E9-4157-A22E-AEDCEE3A021F}.Debug|Any CPU.Build.0 = Debug|Any CPU
		{F071279C-91E9-4157-A22E-AEDCEE3A021F}.Release|Any CPU.ActiveCfg = Release|Any CPU
		{F071279C-91E9-4157-A22E-AEDCEE3A021F}.Release|Any CPU.Build.0 = Release|Any CPU
	EndGlobalSection
	GlobalSection(SolutionProperties) = preSolution
		HideSolutionNode = FALSE
	EndGlobalSection
	GlobalSection(ExtensibilityGlobals) = postSolution
		SolutionGuid = {8A32E5BE-6301-4EBD-AD6A-2F14FDDF4831}
	EndGlobalSection
EndGlobal
